{
  "name": "state-based-lww-element-graph",
  "version": "1.0.0",
  "lockfileVersion": 2,
  "requires": true,
  "packages": {
    "": {
      "version": "1.0.0",
      "license": "ISC",
      "dependencies": {
        "fancy-log": "^1.3.3"
      }
    },
    "node_modules/ansi-gray": {
      "version": "0.1.1",
      "resolved": "https://registry.npmjs.org/ansi-gray/-/ansi-gray-0.1.1.tgz",
      "integrity": "sha1-KWLPVOyXksSFEKPetSRDaGHvclE=",
      "dependencies": {
        "ansi-wrap": "0.1.0"
      },
      "engines": {
        "node": ">=0.10.0"
      }
    },
    "node_modules/ansi-wrap": {
      "version": "0.1.0",
      "resolved": "https://registry.npmjs.org/ansi-wrap/-/ansi-wrap-0.1.0.tgz",
      "integrity": "sha1-qCJQ3bABXponyoLoLqYDu/pF768=",
      "engines": {
        "node": ">=0.10.0"
      }
    },
    "node_modules/color-support": {
      "version": "1.1.3",
      "resolved": "https://registry.npmjs.org/color-support/-/color-support-1.1.3.tgz",
      "integrity": "sha512-qiBjkpbMLO/HL68y+lh4q0/O1MZFj2RX6X/KmMa3+gJD3z+WwI1ZzDHysvqHGS3mP6mznPckpXmw1nI9cJjyRg==",
      "bin": {
        "color-support": "bin.js"
      }
    },
    "node_modules/fancy-log": {
      "version": "1.3.3",
      "resolved": "https://registry.npmjs.org/fancy-log/-/fancy-log-1.3.3.tgz",
      "integrity": "sha512-k9oEhlyc0FrVh25qYuSELjr8oxsCoc4/LEZfg2iJJrfEk/tZL9bCoJE47gqAvI2m/AUjluCS4+3I0eTx8n3AEw==",
      "dependencies": {
        "ansi-gray": "^0.1.1",
        "color-support": "^1.1.3",
        "parse-node-version": "^1.0.0",
        "time-stamp": "^1.0.0"
      },
      "engines": {
        "node": ">= 0.10"
      }
    },
    "node_modules/parse-node-version": {
      "version": "1.0.1",
      "resolved": "https://registry.npmjs.org/parse-node-version/-/parse-node-version-1.0.1.tgz",
      "integrity": "sha512-3YHlOa/JgH6Mnpr05jP9eDG254US9ek25LyIxZlDItp2iJtwyaXQb57lBYLdT3MowkUFYEV2XXNAYIPlESvJlA==",
      "engines": {
        "node": ">= 0.10"
      }
    },
    "node_modules/time-stamp": {
      "version": "1.1.0",
      "resolved": "https://registry.npmjs.org/time-stamp/-/time-stamp-1.1.0.tgz",
      "integrity": "sha1-dkpaEa9QVhkhsTPztE5hhofg9cM=",
      "engines": {
        "node": ">=0.10.0"
      }
    }
  },
  "dependencies": {
    "ansi-gray": {
      "version": "0.1.1",
      "resolved": "https://registry.npmjs.org/ansi-gray/-/ansi-gray-0.1.1.tgz",
      "integrity": "sha1-KWLPVOyXksSFEKPetSRDaGHvclE=",
      "requires": {
        "ansi-wrap": "0.1.0"
      }
    },
    "ansi-wrap": {
      "version": "0.1.0",
      "resolved": "https://registry.npmjs.org/ansi-wrap/-/ansi-wrap-0.1.0.tgz",
      "integrity": "sha1-qCJQ3bABXponyoLoLqYDu/pF768="
    },
    "color-support": {
      "version": "1.1.3",
      "resolved": "https://registry.npmjs.org/color-support/-/color-support-1.1.3.tgz",
      "integrity": "sha512-qiBjkpbMLO/HL68y+lh4q0/O1MZFj2RX6X/KmMa3+gJD3z+WwI1ZzDHysvqHGS3mP6mznPckpXmw1nI9cJjyRg=="
    },
    "fancy-log": {
      "version": "1.3.3",
      "resolved": "https://registry.npmjs.org/fancy-log/-/fancy-log-1.3.3.tgz",
      "integrity": "sha512-k9oEhlyc0FrVh25qYuSELjr8oxsCoc4/LEZfg2iJJrfEk/tZL9bCoJE47gqAvI2m/AUjluCS4+3I0eTx8n3AEw==",
      "requires": {
        "ansi-gray": "^0.1.1",
        "color-support": "^1.1.3",
        "parse-node-version": "^1.0.0",
        "time-stamp": "^1.0.0"
      }
    },
    "parse-node-version": {
      "version": "1.0.1",
      "resolved": "https://registry.npmjs.org/parse-node-version/-/parse-node-version-1.0.1.tgz",
      "integrity": "sha512-3YHlOa/JgH6Mnpr05jP9eDG254US9ek25LyIxZlDItp2iJtwyaXQb57lBYLdT3MowkUFYEV2XXNAYIPlESvJlA=="
    },
    "time-stamp": {
      "version": "1.1.0",
      "resolved": "https://registry.npmjs.org/time-stamp/-/time-stamp-1.1.0.tgz",
      "integrity": "sha1-dkpaEa9QVhkhsTPztE5hhofg9cM="
    }
  }
}
